// !$*UTF8*$!
{
	archiveVersion = 1;
	classes = {
	};
	objectVersion = 56;
	objects = {

/* Begin PBXBuildFile section */
		D940F4D32A5D7BA500B42794 /* MasterSwiftUIApp.swift in Sources */ = {isa = PBXBuildFile; fileRef = D940F4D22A5D7BA500B42794 /* MasterSwiftUIApp.swift */; };
		D940F4D52A5D7BA500B42794 /* ViewModifierBootCamp.swift in Sources */ = {isa = PBXBuildFile; fileRef = D940F4D42A5D7BA500B42794 /* ViewModifierBootCamp.swift */; };
		D940F4D72A5D7BA600B42794 /* Assets.xcassets in Resources */ = {isa = PBXBuildFile; fileRef = D940F4D62A5D7BA600B42794 /* Assets.xcassets */; };
		D940F4DA2A5D7BA600B42794 /* Preview Assets.xcassets in Resources */ = {isa = PBXBuildFile; fileRef = D940F4D92A5D7BA600B42794 /* Preview Assets.xcassets */; };
		D940F4E22A5DA20F00B42794 /* DefaultButtonViewModifier.swift in Sources */ = {isa = PBXBuildFile; fileRef = D940F4E12A5DA20F00B42794 /* DefaultButtonViewModifier.swift */; };
		D9811D072A73A53F00BC00B2 /* CustomCurvedBootcamp.swift in Sources */ = {isa = PBXBuildFile; fileRef = D9811D062A73A53F00BC00B2 /* CustomCurvedBootcamp.swift */; };
		D9811D092A73DBEA00BC00B2 /* AnimatableDataBootcamp.swift in Sources */ = {isa = PBXBuildFile; fileRef = D9811D082A73DBEA00BC00B2 /* AnimatableDataBootcamp.swift */; };
		D9A347492A6143D000006284 /* ButtonStyleBootcamp.swift in Sources */ = {isa = PBXBuildFile; fileRef = D9A347482A6143D000006284 /* ButtonStyleBootcamp.swift */; };
		D9A3474F2A62D30400006284 /* ButtonStyles.swift in Sources */ = {isa = PBXBuildFile; fileRef = D9A3474E2A62D30400006284 /* ButtonStyles.swift */; };
		D9A9772E2A710F91001C639D /* CustomShapesBootcamp.swift in Sources */ = {isa = PBXBuildFile; fileRef = D9A9772D2A710F91001C639D /* CustomShapesBootcamp.swift */; };
		D9C5C5B82A67DABA00A081ED /* SunFlower.swift in Sources */ = {isa = PBXBuildFile; fileRef = D9C5C5B72A67DABA00A081ED /* SunFlower.swift */; };
		D9CDEA0E2A6312E20041535D /* AnyTransitionBootcamp.swift in Sources */ = {isa = PBXBuildFile; fileRef = D9CDEA0D2A6312E20041535D /* AnyTransitionBootcamp.swift */; };
		D9DB0D2A2A6E8305008C8407 /* MatchedGeometryEffectBootcamp.swift in Sources */ = {isa = PBXBuildFile; fileRef = D9DB0D292A6E8305008C8407 /* MatchedGeometryEffectBootcamp.swift */; };
/* End PBXBuildFile section */

/* Begin PBXFileReference section */
		D940F4CF2A5D7BA500B42794 /* MasterSwiftUI.app */ = {isa = PBXFileReference; explicitFileType = wrapper.application; includeInIndex = 0; path = MasterSwiftUI.app; sourceTree = BUILT_PRODUCTS_DIR; };
		D940F4D22A5D7BA500B42794 /* MasterSwiftUIApp.swift */ = {isa = PBXFileReference; lastKnownFileType = sourcecode.swift; path = MasterSwiftUIApp.swift; sourceTree = "<group>"; };
		D940F4D42A5D7BA500B42794 /* ViewModifierBootCamp.swift */ = {isa = PBXFileReference; lastKnownFileType = sourcecode.swift; path = ViewModifierBootCamp.swift; sourceTree = "<group>"; };
		D940F4D62A5D7BA600B42794 /* Assets.xcassets */ = {isa = PBXFileReference; lastKnownFileType = folder.assetcatalog; path = Assets.xcassets; sourceTree = "<group>"; };
		D940F4D92A5D7BA600B42794 /* Preview Assets.xcassets */ = {isa = PBXFileReference; lastKnownFileType = folder.assetcatalog; path = "Preview Assets.xcassets"; sourceTree = "<group>"; };
		D940F4E12A5DA20F00B42794 /* DefaultButtonViewModifier.swift */ = {isa = PBXFileReference; lastKnownFileType = sourcecode.swift; path = DefaultButtonViewModifier.swift; sourceTree = "<group>"; };
		D9811D062A73A53F00BC00B2 /* CustomCurvedBootcamp.swift */ = {isa = PBXFileReference; lastKnownFileType = sourcecode.swift; path = CustomCurvedBootcamp.swift; sourceTree = "<group>"; };
		D9811D082A73DBEA00BC00B2 /* AnimatableDataBootcamp.swift */ = {isa = PBXFileReference; lastKnownFileType = sourcecode.swift; path = AnimatableDataBootcamp.swift; sourceTree = "<group>"; };
		D9A347482A6143D000006284 /* ButtonStyleBootcamp.swift */ = {isa = PBXFileReference; lastKnownFileType = sourcecode.swift; path = ButtonStyleBootcamp.swift; sourceTree = "<group>"; };
		D9A3474E2A62D30400006284 /* ButtonStyles.swift */ = {isa = PBXFileReference; lastKnownFileType = sourcecode.swift; path = ButtonStyles.swift; sourceTree = "<group>"; };
		D9A9772D2A710F91001C639D /* CustomShapesBootcamp.swift */ = {isa = PBXFileReference; lastKnownFileType = sourcecode.swift; path = CustomShapesBootcamp.swift; sourceTree = "<group>"; };
		D9C5C5B72A67DABA00A081ED /* SunFlower.swift */ = {isa = PBXFileReference; lastKnownFileType = sourcecode.swift; path = SunFlower.swift; sourceTree = "<group>"; };
		D9CDEA0D2A6312E20041535D /* AnyTransitionBootcamp.swift */ = {isa = PBXFileReference; lastKnownFileType = sourcecode.swift; path = AnyTransitionBootcamp.swift; sourceTree = "<group>"; };
		D9DB0D292A6E8305008C8407 /* MatchedGeometryEffectBootcamp.swift */ = {isa = PBXFileReference; lastKnownFileType = sourcecode.swift; path = MatchedGeometryEffectBootcamp.swift; sourceTree = "<group>"; };
/* End PBXFileReference section */

/* Begin PBXFrameworksBuildPhase section */
		D940F4CC2A5D7BA500B42794 /* Frameworks */ = {
			isa = PBXFrameworksBuildPhase;
			buildActionMask = 2147483647;
			files = (
			);
			runOnlyForDeploymentPostprocessing = 0;
		};
/* End PBXFrameworksBuildPhase section */

/* Begin PBXGroup section */
		D940F4C62A5D7BA500B42794 = {
			isa = PBXGroup;
			children = (
				D940F4D12A5D7BA500B42794 /* MasterSwiftUI */,
				D940F4D02A5D7BA500B42794 /* Products */,
			);
			sourceTree = "<group>";
		};
		D940F4D02A5D7BA500B42794 /* Products */ = {
			isa = PBXGroup;
			children = (
				D940F4CF2A5D7BA500B42794 /* MasterSwiftUI.app */,
			);
			name = Products;
			sourceTree = "<group>";
		};
		D940F4D12A5D7BA500B42794 /* MasterSwiftUI */ = {
			isa = PBXGroup;
			children = (
				D940F4D22A5D7BA500B42794 /* MasterSwiftUIApp.swift */,
				D940F4D42A5D7BA500B42794 /* ViewModifierBootCamp.swift */,
				D9A347482A6143D000006284 /* ButtonStyleBootcamp.swift */,
				D9CDEA0D2A6312E20041535D /* AnyTransitionBootcamp.swift */,
				D9DB0D292A6E8305008C8407 /* MatchedGeometryEffectBootcamp.swift */,
				D9A9772D2A710F91001C639D /* CustomShapesBootcamp.swift */,
				D9811D062A73A53F00BC00B2 /* CustomCurvedBootcamp.swift */,
				D9811D082A73DBEA00BC00B2 /* AnimatableDataBootcamp.swift */,
				D940F4E02A5DA1C200B42794 /* CustomModifiers */,
				D9A3474D2A62D2F400006284 /* Styles */,
				D940F4D62A5D7BA600B42794 /* Assets.xcassets */,
				D940F4D82A5D7BA600B42794 /* Preview Content */,
				D9C5C5B72A67DABA00A081ED /* SunFlower.swift */,
			);
			path = MasterSwiftUI;
			sourceTree = "<group>";
		};
		D940F4D82A5D7BA600B42794 /* Preview Content */ = {
			isa = PBXGroup;
			children = (
				D940F4D92A5D7BA600B42794 /* Preview Assets.xcassets */,
			);
			path = "Preview Content";
			sourceTree = "<group>";
		};
		D940F4E02A5DA1C200B42794 /* CustomModifiers */ = {
			isa = PBXGroup;
			children = (
				D940F4E12A5DA20F00B42794 /* DefaultButtonViewModifier.swift */,
			);
			path = CustomModifiers;
			sourceTree = "<group>";
		};
		D9A3474D2A62D2F400006284 /* Styles */ = {
			isa = PBXGroup;
			children = (
				D9A3474E2A62D30400006284 /* ButtonStyles.swift */,
			);
			path = Styles;
			sourceTree = "<group>";
		};
/* End PBXGroup section */

/* Begin PBXNativeTarget section */
		D940F4CE2A5D7BA500B42794 /* MasterSwiftUI */ = {
			isa = PBXNativeTarget;
			buildConfigurationList = D940F4DD2A5D7BA600B42794 /* Build configuration list for PBXNativeTarget "MasterSwiftUI" */;
			buildPhases = (
				D940F4CB2A5D7BA500B42794 /* Sources */,
				D940F4CC2A5D7BA500B42794 /* Frameworks */,
				D940F4CD2A5D7BA500B42794 /* Resources */,
			);
			buildRules = (
			);
			dependencies = (
			);
			name = MasterSwiftUI;
			packageProductDependencies = (
			);
			productName = MasterSwiftUI;
			productReference = D940F4CF2A5D7BA500B42794 /* MasterSwiftUI.app */;
			productType = "com.apple.product-type.application";
		};
/* End PBXNativeTarget section */

/* Begin PBXProject section */
		D940F4C72A5D7BA500B42794 /* Project object */ = {
			isa = PBXProject;
			attributes = {
				BuildIndependentTargetsInParallel = 1;
				LastSwiftUpdateCheck = 1430;
				LastUpgradeCheck = 1430;
				TargetAttributes = {
					D940F4CE2A5D7BA500B42794 = {
						CreatedOnToolsVersion = 14.3.1;
					};
				};
			};
			buildConfigurationList = D940F4CA2A5D7BA500B42794 /* Build configuration list for PBXProject "MasterSwiftUI" */;
			compatibilityVersion = "Xcode 14.0";
			developmentRegion = en;
			hasScannedForEncodings = 0;
			knownRegions = (
				en,
				Base,
			);
			mainGroup = D940F4C62A5D7BA500B42794;
			packageReferences = (
			);
			productRefGroup = D940F4D02A5D7BA500B42794 /* Products */;
			projectDirPath = "";
			projectRoot = "";
			targets = (
				D940F4CE2A5D7BA500B42794 /* MasterSwiftUI */,
			);
		};
/* End PBXProject section */

/* Begin PBXResourcesBuildPhase section */
		D940F4CD2A5D7BA500B42794 /* Resources */ = {
			isa = PBXResourcesBuildPhase;
			buildActionMask = 2147483647;
			files = (
				D940F4DA2A5D7BA600B42794 /* Preview Assets.xcassets in Resources */,
				D940F4D72A5D7BA600B42794 /* Assets.xcassets in Resources */,
			);
			runOnlyForDeploymentPostprocessing = 0;
		};
/* End PBXResourcesBuildPhase section */

/* Begin PBXSourcesBuildPhase section */
		D940F4CB2A5D7BA500B42794 /* Sources */ = {
			isa = PBXSourcesBuildPhase;
			buildActionMask = 2147483647;
			files = (
				D940F4D52A5D7BA500B42794 /* ViewModifierBootCamp.swift in Sources */,
				D940F4E22A5DA20F00B42794 /* DefaultButtonViewModifier.swift in Sources */,
				D9A9772E2A710F91001C639D /* CustomShapesBootcamp.swift in Sources */,
				D9DB0D2A2A6E8305008C8407 /* MatchedGeometryEffectBootcamp.swift in Sources */,
				D9CDEA0E2A6312E20041535D /* AnyTransitionBootcamp.swift in Sources */,
				D9C5C5B82A67DABA00A081ED /* SunFlower.swift in Sources */,
				D9811D072A73A53F00BC00B2 /* CustomCurvedBootcamp.swift in Sources */,
				D9A347492A6143D000006284 /* ButtonStyleBootcamp.swift in Sources */,
				D9A3474F2A62D30400006284 /* ButtonStyles.swift in Sources */,
				D9811D092A73DBEA00BC00B2 /* AnimatableDataBootcamp.swift in Sources */,
				D940F4D32A5D7BA500B42794 /* MasterSwiftUIApp.swift in Sources */,
			);
			runOnlyForDeploymentPostprocessing = 0;
		};
/* End PBXSourcesBuildPhase section */

/* Begin XCBuildConfiguration section */
		D940F4DB2A5D7BA600B42794 /* Debug */ = {
			isa = XCBuildConfiguration;
			buildSettings = {
				ALWAYS_SEARCH_USER_PATHS = NO;
				CLANG_ANALYZER_NONNULL = YES;
				CLANG_ANALYZER_NUMBER_OBJECT_CONVERSION = YES_AGGRESSIVE;
				CLANG_CXX_LANGUAGE_STANDARD = "gnu++20";
				CLANG_ENABLE_MODULES = YES;
				CLANG_ENABLE_OBJC_ARC = YES;
				CLANG_ENABLE_OBJC_WEAK = YES;
				CLANG_WARN_BLOCK_CAPTURE_AUTORELEASING = YES;
				CLANG_WARN_BOOL_CONVERSION = YES;
				CLANG_WARN_COMMA = YES;
				CLANG_WARN_CONSTANT_CONVERSION = YES;
				CLANG_WARN_DEPRECATED_OBJC_IMPLEMENTATIONS = YES;
				CLANG_WARN_DIRECT_OBJC_ISA_USAGE = YES_ERROR;
				CLANG_WARN_DOCUMENTATION_COMMENTS = YES;
				CLANG_WARN_EMPTY_BODY = YES;
				CLANG_WARN_ENUM_CONVERSION = YES;
				CLANG_WARN_INFINITE_RECURSION = YES;
				CLANG_WARN_INT_CONVERSION = YES;
				CLANG_WARN_NON_LITERAL_NULL_CONVERSION = YES;
				CLANG_WARN_OBJC_IMPLICIT_RETAIN_SELF = YES;
				CLANG_WARN_OBJC_LITERAL_CONVERSION = YES;
				CLANG_WARN_OBJC_ROOT_CLASS = YES_ERROR;
				CLANG_WARN_QUOTED_INCLUDE_IN_FRAMEWORK_HEADER = YES;
				CLANG_WARN_RANGE_LOOP_ANALYSIS = YES;
				CLANG_WARN_STRICT_PROTOTYPES = YES;
				CLANG_WARN_SUSPICIOUS_MOVE = YES;
				CLANG_WARN_UNGUARDED_AVAILABILITY = YES_AGGRESSIVE;
				CLANG_WARN_UNREACHABLE_CODE = YES;
				CLANG_WARN__DUPLICATE_METHOD_MATCH = YES;
				COPY_PHASE_STRIP = NO;
				DEBUG_INFORMATION_FORMAT = dwarf;
				ENABLE_STRICT_OBJC_MSGSEND = YES;
				ENABLE_TESTABILITY = YES;
				GCC_C_LANGUAGE_STANDARD = gnu11;
				GCC_DYNAMIC_NO_PIC = NO;
				GCC_NO_COMMON_BLOCKS = YES;
				GCC_OPTIMIZATION_LEVEL = 0;
				GCC_PREPROCESSOR_DEFINITIONS = (
					"DEBUG=1",
					"$(inherited)",
				);
				GCC_WARN_64_TO_32_BIT_CONVERSION = YES;
				GCC_WARN_ABOUT_RETURN_TYPE = YES_ERROR;
				GCC_WARN_UNDECLARED_SELECTOR = YES;
				GCC_WARN_UNINITIALIZED_AUTOS = YES_AGGRESSIVE;
				GCC_WARN_UNUSED_FUNCTION = YES;
				GCC_WARN_UNUSED_VARIABLE = YES;
				IPHONEOS_DEPLOYMENT_TARGET = 16.4;
				MTL_ENABLE_DEBUG_INFO = INCLUDE_SOURCE;
				MTL_FAST_MATH = YES;
				ONLY_ACTIVE_ARCH = YES;
				SDKROOT = iphoneos;
				SWIFT_ACTIVE_COMPILATION_CONDITIONS = DEBUG;
				SWIFT_OPTIMIZATION_LEVEL = "-Onone";
			};
			name = Debug;
		};
		D940F4DC2A5D7BA600B42794 /* Release */ = {
			isa = XCBuildConfiguration;
			buildSettings = {
				ALWAYS_SEARCH_USER_PATHS = NO;
				CLANG_ANALYZER_NONNULL = YES;
				CLANG_ANALYZER_NUMBER_OBJECT_CONVERSION = YES_AGGRESSIVE;
				CLANG_CXX_LANGUAGE_STANDARD = "gnu++20";
				CLANG_ENABLE_MODULES = YES;
				CLANG_ENABLE_OBJC_ARC = YES;
				CLANG_ENABLE_OBJC_WEAK = YES;
				CLANG_WARN_BLOCK_CAPTURE_AUTORELEASING = YES;
				CLANG_WARN_BOOL_CONVERSION = YES;
				CLANG_WARN_COMMA = YES;
				CLANG_WARN_CONSTANT_CONVERSION = YES;
				CLANG_WARN_DEPRECATED_OBJC_IMPLEMENTATIONS = YES;
				CLANG_WARN_DIRECT_OBJC_ISA_USAGE = YES_ERROR;
				CLANG_WARN_DOCUMENTATION_COMMENTS = YES;
				CLANG_WARN_EMPTY_BODY = YES;
				CLANG_WARN_ENUM_CONVERSION = YES;
				CLANG_WARN_INFINITE_RECURSION = YES;
				CLANG_WARN_INT_CONVERSION = YES;
				CLANG_WARN_NON_LITERAL_NULL_CONVERSION = YES;
				CLANG_WARN_OBJC_IMPLICIT_RETAIN_SELF = YES;
				CLANG_WARN_OBJC_LITERAL_CONVERSION = YES;
				CLANG_WARN_OBJC_ROOT_CLASS = YES_ERROR;
				CLANG_WARN_QUOTED_INCLUDE_IN_FRAMEWORK_HEADER = YES;
				CLANG_WARN_RANGE_LOOP_ANALYSIS = YES;
				CLANG_WARN_STRICT_PROTOTYPES = YES;
				CLANG_WARN_SUSPICIOUS_MOVE = YES;
				CLANG_WARN_UNGUARDED_AVAILABILITY = YES_AGGRESSIVE;
				CLANG_WARN_UNREACHABLE_CODE = YES;
				CLANG_WARN__DUPLICATE_METHOD_MATCH = YES;
				COPY_PHASE_STRIP = NO;
				DEBUG_INFORMATION_FORMAT = "dwarf-with-dsym";
				ENABLE_NS_ASSERTIONS = NO;
				ENABLE_STRICT_OBJC_MSGSEND = YES;
				GCC_C_LANGUAGE_STANDARD = gnu11;
				GCC_NO_COMMON_BLOCKS = YES;
				GCC_WARN_64_TO_32_BIT_CONVERSION = YES;
				GCC_WARN_ABOUT_RETURN_TYPE = YES_ERROR;
				GCC_WARN_UNDECLARED_SELECTOR = YES;
				GCC_WARN_UNINITIALIZED_AUTOS = YES_AGGRESSIVE;
				GCC_WARN_UNUSED_FUNCTION = YES;
				GCC_WARN_UNUSED_VARIABLE = YES;
				IPHONEOS_DEPLOYMENT_TARGET = 16.4;
				MTL_ENABLE_DEBUG_INFO = NO;
				MTL_FAST_MATH = YES;
				SDKROOT = iphoneos;
				SWIFT_COMPILATION_MODE = wholemodule;
				SWIFT_OPTIMIZATION_LEVEL = "-O";
				VALIDATE_PRODUCT = YES;
			};
			name = Release;
		};
		D940F4DE2A5D7BA600B42794 /* Debug */ = {
			isa = XCBuildConfiguration;
			buildSettings = {
				ASSETCATALOG_COMPILER_APPICON_NAME = AppIcon;
				ASSETCATALOG_COMPILER_GLOBAL_ACCENT_COLOR_NAME = AccentColor;
				CODE_SIGN_STYLE = Automatic;
				CURRENT_PROJECT_VERSION = 1;
				DEVELOPMENT_ASSET_PATHS = "\"MasterSwiftUI/Preview Content\"";
				DEVELOPMENT_TEAM = 4C34TC26X4;
				ENABLE_PREVIEWS = YES;
				GENERATE_INFOPLIST_FILE = YES;
				INFOPLIST_KEY_UIApplicationSceneManifest_Generation = YES;
				INFOPLIST_KEY_UIApplicationSupportsIndirectInputEvents = YES;
				INFOPLIST_KEY_UILaunchScreen_Generation = YES;
				INFOPLIST_KEY_UISupportedInterfaceOrientations_iPad = "UIInterfaceOrientationPortrait UIInterfaceOrientationPortraitUpsideDown UIInterfaceOrientationLandscapeLeft UIInterfaceOrientationLandscapeRight";
				INFOPLIST_KEY_UISupportedInterfaceOrientations_iPhone = "UIInterfaceOrientationPortrait UIInterfaceOrientationLandscapeLeft UIInterfaceOrientationLandscapeRight";
				LD_RUNPATH_SEARCH_PATHS = (
					"$(inherited)",
					"@executable_path/Frameworks",
				);
				MARKETING_VERSION = 1.0;
				PRODUCT_BUNDLE_IDENTIFIER = com.MasterSwiftUI;
				PRODUCT_NAME = "$(TARGET_NAME)";
				SWIFT_EMIT_LOC_STRINGS = YES;
				SWIFT_VERSION = 5.0;
				TARGETED_DEVICE_FAMILY = "1,2";
			};
			name = Debug;
		};
		D940F4DF2A5D7BA600B42794 /* Release */ = {
			isa = XCBuildConfiguration;
			buildSettings = {
				ASSETCATALOG_COMPILER_APPICON_NAME = AppIcon;
				ASSETCATALOG_COMPILER_GLOBAL_ACCENT_COLOR_NAME = AccentColor;
				CODE_SIGN_STYLE = Automatic;
				CURRENT_PROJECT_VERSION = 1;
				DEVELOPMENT_ASSET_PATHS = "\"MasterSwiftUI/Preview Content\"";
				DEVELOPMENT_TEAM = 4C34TC26X4;
				ENABLE_PREVIEWS = YES;
				GENERATE_INFOPLIST_FILE = YES;
				INFOPLIST_KEY_UIApplicationSceneManifest_Generation = YES;
				INFOPLIST_KEY_UIApplicationSupportsIndirectInputEvents = YES;
				INFOPLIST_KEY_UILaunchScreen_Generation = YES;
				INFOPLIST_KEY_UISupportedInterfaceOrientations_iPad = "UIInterfaceOrientationPortrait UIInterfaceOrientationPortraitUpsideDown UIInterfaceOrientationLandscapeLeft UIInterfaceOrientationLandscapeRight";
				INFOPLIST_KEY_UISupportedInterfaceOrientations_iPhone = "UIInterfaceOrientationPortrait UIInterfaceOrientationLandscapeLeft UIInterfaceOrientationLandscapeRight";
				LD_RUNPATH_SEARCH_PATHS = (
					"$(inherited)",
					"@executable_path/Frameworks",
				);
				MARKETING_VERSION = 1.0;
				PRODUCT_BUNDLE_IDENTIFIER = com.MasterSwiftUI;
				PRODUCT_NAME = "$(TARGET_NAME)";
				SWIFT_EMIT_LOC_STRINGS = YES;
				SWIFT_VERSION = 5.0;
				TARGETED_DEVICE_FAMILY = "1,2";
			};
			name = Release;
		};
/* End XCBuildConfiguration section */

/* Begin XCConfigurationList section */
		D940F4CA2A5D7BA500B42794 /* Build configuration list for PBXProject "MasterSwiftUI" */ = {
			isa = XCConfigurationList;
			buildConfigurations = (
				D940F4DB2A5D7BA600B42794 /* Debug */,
				D940F4DC2A5D7BA600B42794 /* Release */,
			);
			defaultConfigurationIsVisible = 0;
			defaultConfigurationName = Release;
		};
		D940F4DD2A5D7BA600B42794 /* Build configuration list for PBXNativeTarget "MasterSwiftUI" */ = {
			isa = XCConfigurationList;
			buildConfigurations = (
				D940F4DE2A5D7BA600B42794 /* Debug */,
				D940F4DF2A5D7BA600B42794 /* Release */,
			);
			defaultConfigurationIsVisible = 0;
			defaultConfigurationName = Release;
		};
/* End XCConfigurationList section */
	};
	rootObject = D940F4C72A5D7BA500B42794 /* Project object */;
}
